// !$*UTF8*$!
{
	archiveVersion = 1;
	classes = {
	};
	objectVersion = 46;
	objects = {

/* Begin PBXBuildFile section */
		64927AE6C78145909D25F422 /* libPods.a in Frameworks */ = {isa = PBXBuildFile; fileRef = 5A9F2FBFFDCE46028AEC2315 /* libPods.a */; };
		B91D4FEC16D69DD8002B2762 /* UIKit.framework in Frameworks */ = {isa = PBXBuildFile; fileRef = B91D4FEB16D69DD8002B2762 /* UIKit.framework */; };
		B91D4FEE16D69DD8002B2762 /* Foundation.framework in Frameworks */ = {isa = PBXBuildFile; fileRef = B91D4FED16D69DD8002B2762 /* Foundation.framework */; };
		B91D4FF016D69DD8002B2762 /* CoreGraphics.framework in Frameworks */ = {isa = PBXBuildFile; fileRef = B91D4FEF16D69DD8002B2762 /* CoreGraphics.framework */; };
		B91D4FF616D69DD8002B2762 /* InfoPlist.strings in Resources */ = {isa = PBXBuildFile; fileRef = B91D4FF416D69DD8002B2762 /* InfoPlist.strings */; };
		B91D4FF816D69DD8002B2762 /* main.m in Sources */ = {isa = PBXBuildFile; fileRef = B91D4FF716D69DD8002B2762 /* main.m */; };
		B91D4FFC16D69DD8002B2762 /* JMAppDelegate.m in Sources */ = {isa = PBXBuildFile; fileRef = B91D4FFB16D69DD8002B2762 /* JMAppDelegate.m */; };
		B91D4FFE16D69DD8002B2762 /* Default.png in Resources */ = {isa = PBXBuildFile; fileRef = B91D4FFD16D69DD8002B2762 /* Default.png */; };
		B91D500016D69DD8002B2762 /* Default@2x.png in Resources */ = {isa = PBXBuildFile; fileRef = B91D4FFF16D69DD8002B2762 /* Default@2x.png */; };
		B91D500216D69DD8002B2762 /* Default-568h@2x.png in Resources */ = {isa = PBXBuildFile; fileRef = B91D500116D69DD8002B2762 /* Default-568h@2x.png */; };
		B91D500516D69DD8002B2762 /* MainStoryboard.storyboard in Resources */ = {isa = PBXBuildFile; fileRef = B91D500316D69DD8002B2762 /* MainStoryboard.storyboard */; };
		B91D500816D69DD8002B2762 /* JMCommunitiesViewController.m in Sources */ = {isa = PBXBuildFile; fileRef = B91D500716D69DD8002B2762 /* JMCommunitiesViewController.m */; };
		B91D501016D6ADDD002B2762 /* JMProvince.m in Sources */ = {isa = PBXBuildFile; fileRef = B91D500F16D6ADDD002B2762 /* JMProvince.m */; };
		B91D501316D6AE58002B2762 /* JMComunity.m in Sources */ = {isa = PBXBuildFile; fileRef = B91D501216D6AE58002B2762 /* JMComunity.m */; };
		B91D501516D77D03002B2762 /* placeholder.png in Resources */ = {isa = PBXBuildFile; fileRef = B91D501416D77D03002B2762 /* placeholder.png */; };
		B91D501816D77D4D002B2762 /* JMProvincesViewController.m in Sources */ = {isa = PBXBuildFile; fileRef = B91D501716D77D4D002B2762 /* JMProvincesViewController.m */; };
/* End PBXBuildFile section */

/* Begin PBXFileReference section */
		11A1F31CC04042FF9D404AD4 /* Pods.xcconfig */ = {isa = PBXFileReference; includeInIndex = 1; lastKnownFileType = text.xcconfig; name = Pods.xcconfig; path = Pods/Pods.xcconfig; sourceTree = SOURCE_ROOT; };
		22CEB2F60DB54BDCA9D807AA /* libPods.a */ = {isa = PBXFileReference; explicitFileType = archive.ar; includeInIndex = 0; path = libPods.a; sourceTree = BUILT_PRODUCTS_DIR; };
		5A9F2FBFFDCE46028AEC2315 /* libPods.a */ = {isa = PBXFileReference; explicitFileType = archive.ar; includeInIndex = 0; path = libPods.a; sourceTree = BUILT_PRODUCTS_DIR; };
		B91D4FE816D69DD8002B2762 /* Comunities.app */ = {isa = PBXFileReference; explicitFileType = wrapper.application; includeInIndex = 0; path = Comunities.app; sourceTree = BUILT_PRODUCTS_DIR; };
		B91D4FEB16D69DD8002B2762 /* UIKit.framework */ = {isa = PBXFileReference; lastKnownFileType = wrapper.framework; name = UIKit.framework; path = System/Library/Frameworks/UIKit.framework; sourceTree = SDKROOT; };
		B91D4FED16D69DD8002B2762 /* Foundation.framework */ = {isa = PBXFileReference; lastKnownFileType = wrapper.framework; name = Foundation.framework; path = System/Library/Frameworks/Foundation.framework; sourceTree = SDKROOT; };
		B91D4FEF16D69DD8002B2762 /* CoreGraphics.framework */ = {isa = PBXFileReference; lastKnownFileType = wrapper.framework; name = CoreGraphics.framework; path = System/Library/Frameworks/CoreGraphics.framework; sourceTree = SDKROOT; };
		B91D4FF316D69DD8002B2762 /* Comunities-Info.plist */ = {isa = PBXFileReference; lastKnownFileType = text.plist.xml; path = "Comunities-Info.plist"; sourceTree = "<group>"; };
		B91D4FF516D69DD8002B2762 /* en */ = {isa = PBXFileReference; lastKnownFileType = text.plist.strings; name = en; path = en.lproj/InfoPlist.strings; sourceTree = "<group>"; };
		B91D4FF716D69DD8002B2762 /* main.m */ = {isa = PBXFileReference; lastKnownFileType = sourcecode.c.objc; path = main.m; sourceTree = "<group>"; };
		B91D4FF916D69DD8002B2762 /* Comunities-Prefix.pch */ = {isa = PBXFileReference; lastKnownFileType = sourcecode.c.h; path = "Comunities-Prefix.pch"; sourceTree = "<group>"; };
		B91D4FFA16D69DD8002B2762 /* JMAppDelegate.h */ = {isa = PBXFileReference; lastKnownFileType = sourcecode.c.h; path = JMAppDelegate.h; sourceTree = "<group>"; };
		B91D4FFB16D69DD8002B2762 /* JMAppDelegate.m */ = {isa = PBXFileReference; lastKnownFileType = sourcecode.c.objc; path = JMAppDelegate.m; sourceTree = "<group>"; };
		B91D4FFD16D69DD8002B2762 /* Default.png */ = {isa = PBXFileReference; lastKnownFileType = image.png; path = Default.png; sourceTree = "<group>"; };
		B91D4FFF16D69DD8002B2762 /* Default@2x.png */ = {isa = PBXFileReference; lastKnownFileType = image.png; path = "Default@2x.png"; sourceTree = "<group>"; };
		B91D500116D69DD8002B2762 /* Default-568h@2x.png */ = {isa = PBXFileReference; lastKnownFileType = image.png; path = "Default-568h@2x.png"; sourceTree = "<group>"; };
		B91D500416D69DD8002B2762 /* en */ = {isa = PBXFileReference; lastKnownFileType = file.storyboard; name = en; path = en.lproj/MainStoryboard.storyboard; sourceTree = "<group>"; };
		B91D500616D69DD8002B2762 /* JMCommunitiesViewController.h */ = {isa = PBXFileReference; lastKnownFileType = sourcecode.c.h; path = JMCommunitiesViewController.h; sourceTree = "<group>"; };
		B91D500716D69DD8002B2762 /* JMCommunitiesViewController.m */ = {isa = PBXFileReference; lastKnownFileType = sourcecode.c.objc; path = JMCommunitiesViewController.m; sourceTree = "<group>"; };
		B91D500E16D6ADDD002B2762 /* JMProvince.h */ = {isa = PBXFileReference; fileEncoding = 4; lastKnownFileType = sourcecode.c.h; path = JMProvince.h; sourceTree = "<group>"; };
		B91D500F16D6ADDD002B2762 /* JMProvince.m */ = {isa = PBXFileReference; fileEncoding = 4; lastKnownFileType = sourcecode.c.objc; path = JMProvince.m; sourceTree = "<group>"; };
		B91D501116D6AE58002B2762 /* JMComunity.h */ = {isa = PBXFileReference; fileEncoding = 4; lastKnownFileType = sourcecode.c.h; path = JMComunity.h; sourceTree = "<group>"; };
		B91D501216D6AE58002B2762 /* JMComunity.m */ = {isa = PBXFileReference; fileEncoding = 4; lastKnownFileType = sourcecode.c.objc; path = JMComunity.m; sourceTree = "<group>"; };
		B91D501416D77D03002B2762 /* placeholder.png */ = {isa = PBXFileReference; lastKnownFileType = image.png; name = placeholder.png; path = Comunities/placeholder.png; sourceTree = "<group>"; };
		B91D501616D77D4D002B2762 /* JMProvincesViewController.h */ = {isa = PBXFileReference; fileEncoding = 4; lastKnownFileType = sourcecode.c.h; path = JMProvincesViewController.h; sourceTree = "<group>"; };
		B91D501716D77D4D002B2762 /* JMProvincesViewController.m */ = {isa = PBXFileReference; fileEncoding = 4; lastKnownFileType = sourcecode.c.objc; path = JMProvincesViewController.m; sourceTree = "<group>"; };
/* End PBXFileReference section */

/* Begin PBXFrameworksBuildPhase section */
		B91D4FE516D69DD8002B2762 /* Frameworks */ = {
			isa = PBXFrameworksBuildPhase;
			buildActionMask = 2147483647;
			files = (
				B91D4FEC16D69DD8002B2762 /* UIKit.framework in Frameworks */,
				B91D4FEE16D69DD8002B2762 /* Foundation.framework in Frameworks */,
				B91D4FF016D69DD8002B2762 /* CoreGraphics.framework in Frameworks */,
				64927AE6C78145909D25F422 /* libPods.a in Frameworks */,
			);
			runOnlyForDeploymentPostprocessing = 0;
		};
/* End PBXFrameworksBuildPhase section */

/* Begin PBXGroup section */
		B91D4FDF16D69DD8002B2762 = {
			isa = PBXGroup;
			children = (
				B91D501416D77D03002B2762 /* placeholder.png */,
				B91D4FF116D69DD8002B2762 /* StandardData */,
				B91D4FEA16D69DD8002B2762 /* Frameworks */,
				B91D4FE916D69DD8002B2762 /* Products */,
				11A1F31CC04042FF9D404AD4 /* Pods.xcconfig */,
			);
			sourceTree = "<group>";
		};
		B91D4FE916D69DD8002B2762 /* Products */ = {
			isa = PBXGroup;
			children = (
				B91D4FE816D69DD8002B2762 /* Comunities.app */,
			);
			name = Products;
			sourceTree = "<group>";
		};
		B91D4FEA16D69DD8002B2762 /* Frameworks */ = {
			isa = PBXGroup;
			children = (
				B91D4FEB16D69DD8002B2762 /* UIKit.framework */,
				B91D4FED16D69DD8002B2762 /* Foundation.framework */,
				B91D4FEF16D69DD8002B2762 /* CoreGraphics.framework */,
				22CEB2F60DB54BDCA9D807AA /* libPods.a */,
				5A9F2FBFFDCE46028AEC2315 /* libPods.a */,
			);
			name = Frameworks;
			sourceTree = "<group>";
		};
		B91D4FF116D69DD8002B2762 /* StandardData */ = {
			isa = PBXGroup;
			children = (
				B91D501916D7815A002B2762 /* Model */,
				B91D4FFA16D69DD8002B2762 /* JMAppDelegate.h */,
				B91D4FFB16D69DD8002B2762 /* JMAppDelegate.m */,
				B91D500316D69DD8002B2762 /* MainStoryboard.storyboard */,
				B91D500616D69DD8002B2762 /* JMCommunitiesViewController.h */,
				B91D500716D69DD8002B2762 /* JMCommunitiesViewController.m */,
				B91D501616D77D4D002B2762 /* JMProvincesViewController.h */,
				B91D501716D77D4D002B2762 /* JMProvincesViewController.m */,
				B91D4FF216D69DD8002B2762 /* Supporting Files */,
			);
			name = StandardData;
			path = Comunities;
			sourceTree = "<group>";
		};
		B91D4FF216D69DD8002B2762 /* Supporting Files */ = {
			isa = PBXGroup;
			children = (
				B91D4FF316D69DD8002B2762 /* Comunities-Info.plist */,
				B91D4FF416D69DD8002B2762 /* InfoPlist.strings */,
				B91D4FF716D69DD8002B2762 /* main.m */,
				B91D4FF916D69DD8002B2762 /* Comunities-Prefix.pch */,
				B91D4FFD16D69DD8002B2762 /* Default.png */,
				B91D4FFF16D69DD8002B2762 /* Default@2x.png */,
				B91D500116D69DD8002B2762 /* Default-568h@2x.png */,
			);
			name = "Supporting Files";
			sourceTree = "<group>";
		};
		B91D501916D7815A002B2762 /* Model */ = {
			isa = PBXGroup;
			children = (
				B91D500E16D6ADDD002B2762 /* JMProvince.h */,
				B91D500F16D6ADDD002B2762 /* JMProvince.m */,
				B91D501116D6AE58002B2762 /* JMComunity.h */,
				B91D501216D6AE58002B2762 /* JMComunity.m */,
			);
			name = Model;
			sourceTree = "<group>";
		};
/* End PBXGroup section */

/* Begin PBXNativeTarget section */
		B91D4FE716D69DD8002B2762 /* Comunities */ = {
			isa = PBXNativeTarget;
			buildConfigurationList = B91D500B16D69DD8002B2762 /* Build configuration list for PBXNativeTarget "Comunities" */;
			buildPhases = (
				B91D4FE416D69DD8002B2762 /* Sources */,
				B91D4FE516D69DD8002B2762 /* Frameworks */,
				B91D4FE616D69DD8002B2762 /* Resources */,
				7B360328F45E45DEBAB5CA48 /* Copy Pods Resources */,
				DB82B0E317EE45B5B51841E8 /* Copy Pods Resources */,
				4C8E45D359C0439C8440DD12 /* Copy Pods Resources */,
			);
			buildRules = (
			);
			dependencies = (
			);
			name = Comunities;
			productName = StandardData;
			productReference = B91D4FE816D69DD8002B2762 /* Comunities.app */;
			productType = "com.apple.product-type.application";
		};
/* End PBXNativeTarget section */

/* Begin PBXProject section */
		B91D4FE016D69DD8002B2762 /* Project object */ = {
			isa = PBXProject;
			attributes = {
				CLASSPREFIX = JM;
				LastUpgradeCheck = 0460;
				ORGANIZATIONNAME = Tactilapp.com;
			};
			buildConfigurationList = B91D4FE316D69DD8002B2762 /* Build configuration list for PBXProject "Comunities" */;
			compatibilityVersion = "Xcode 3.2";
			developmentRegion = English;
			hasScannedForEncodings = 0;
			knownRegions = (
				en,
			);
			mainGroup = B91D4FDF16D69DD8002B2762;
			productRefGroup = B91D4FE916D69DD8002B2762 /* Products */;
			projectDirPath = "";
			projectRoot = "";
			targets = (
				B91D4FE716D69DD8002B2762 /* Comunities */,
			);
		};
/* End PBXProject section */

/* Begin PBXResourcesBuildPhase section */
		B91D4FE616D69DD8002B2762 /* Resources */ = {
			isa = PBXResourcesBuildPhase;
			buildActionMask = 2147483647;
			files = (
				B91D4FF616D69DD8002B2762 /* InfoPlist.strings in Resources */,
				B91D4FFE16D69DD8002B2762 /* Default.png in Resources */,
				B91D500016D69DD8002B2762 /* Default@2x.png in Resources */,
				B91D500216D69DD8002B2762 /* Default-568h@2x.png in Resources */,
				B91D500516D69DD8002B2762 /* MainStoryboard.storyboard in Resources */,
				B91D501516D77D03002B2762 /* placeholder.png in Resources */,
			);
			runOnlyForDeploymentPostprocessing = 0;
		};
/* End PBXResourcesBuildPhase section */

/* Begin PBXShellScriptBuildPhase section */
		4C8E45D359C0439C8440DD12 /* Copy Pods Resources */ = {
			isa = PBXShellScriptBuildPhase;
			buildActionMask = 2147483647;
			files = (
			);
			inputPaths = (
			);
			name = "Copy Pods Resources";
			outputPaths = (
			);
			runOnlyForDeploymentPostprocessing = 0;
			shellPath = /bin/sh;
			shellScript = "\"${SRCROOT}/Pods/Pods-resources.sh\"\n";
		};
		7B360328F45E45DEBAB5CA48 /* Copy Pods Resources */ = {
			isa = PBXShellScriptBuildPhase;
			buildActionMask = 2147483647;
			files = (
			);
			inputPaths = (
			);
			name = "Copy Pods Resources";
			outputPaths = (
			);
			runOnlyForDeploymentPostprocessing = 0;
			shellPath = /bin/sh;
			shellScript = "\"${SRCROOT}/Pods/Pods-resources.sh\"\n";
		};
		DB82B0E317EE45B5B51841E8 /* Copy Pods Resources */ = {
			isa = PBXShellScriptBuildPhase;
			buildActionMask = 2147483647;
			files = (
			);
			inputPaths = (
			);
			name = "Copy Pods Resources";
			outputPaths = (
			);
			runOnlyForDeploymentPostprocessing = 0;
			shellPath = /bin/sh;
			shellScript = "\"${SRCROOT}/Pods/Pods-resources.sh\"\n";
		};
/* End PBXShellScriptBuildPhase section */

/* Begin PBXSourcesBuildPhase section */
		B91D4FE416D69DD8002B2762 /* Sources */ = {
			isa = PBXSourcesBuildPhase;
			buildActionMask = 2147483647;
			files = (
				B91D4FF816D69DD8002B2762 /* main.m in Sources */,
				B91D4FFC16D69DD8002B2762 /* JMAppDelegate.m in Sources */,
				B91D500816D69DD8002B2762 /* JMCommunitiesViewController.m in Sources */,
				B91D501016D6ADDD002B2762 /* JMProvince.m in Sources */,
				B91D501316D6AE58002B2762 /* JMComunity.m in Sources */,
				B91D501816D77D4D002B2762 /* JMProvincesViewController.m in Sources */,
			);
			runOnlyForDeploymentPostprocessing = 0;
		};
/* End PBXSourcesBuildPhase section */

/* Begin PBXVariantGroup section */
		B91D4FF416D69DD8002B2762 /* InfoPlist.strings */ = {
			isa = PBXVariantGroup;
			children = (
				B91D4FF516D69DD8002B2762 /* en */,
			);
			name = InfoPlist.strings;
			sourceTree = "<group>";
		};
		B91D500316D69DD8002B2762 /* MainStoryboard.storyboard */ = {
			isa = PBXVariantGroup;
			children = (
				B91D500416D69DD8002B2762 /* en */,
			);
			name = MainStoryboard.storyboard;
			sourceTree = "<group>";
		};
/* End PBXVariantGroup section */

/* Begin XCBuildConfiguration section */
		B91D500916D69DD8002B2762 /* Debug */ = {
			isa = XCBuildConfiguration;
			buildSettings = {
				ALWAYS_SEARCH_USER_PATHS = NO;
				CLANG_CXX_LANGUAGE_STANDARD = "gnu++0x";
				CLANG_CXX_LIBRARY = "libc++";
				CLANG_ENABLE_OBJC_ARC = YES;
				CLANG_WARN_CONSTANT_CONVERSION = YES;
				CLANG_WARN_EMPTY_BODY = YES;
				CLANG_WARN_ENUM_CONVERSION = YES;
				CLANG_WARN_INT_CONVERSION = YES;
				CLANG_WARN__DUPLICATE_METHOD_MATCH = YES;
				"CODE_SIGN_IDENTITY[sdk=iphoneos*]" = "iPhone Developer";
				COPY_PHASE_STRIP = NO;
				GCC_C_LANGUAGE_STANDARD = gnu99;
				GCC_DYNAMIC_NO_PIC = NO;
				GCC_OPTIMIZATION_LEVEL = 0;
				GCC_PREPROCESSOR_DEFINITIONS = (
					"DEBUG=1",
					"$(inherited)",
				);
				GCC_SYMBOLS_PRIVATE_EXTERN = NO;
				GCC_WARN_ABOUT_RETURN_TYPE = YES;
				GCC_WARN_UNINITIALIZED_AUTOS = YES;
				GCC_WARN_UNUSED_VARIABLE = YES;
				IPHONEOS_DEPLOYMENT_TARGET = 6.1;
				ONLY_ACTIVE_ARCH = YES;
				SDKROOT = iphoneos;
			};
			name = Debug;
		};
		B91D500A16D69DD8002B2762 /* Release */ = {
			isa = XCBuildConfiguration;
			buildSettings = {
				ALWAYS_SEARCH_USER_PATHS = NO;
				CLANG_CXX_LANGUAGE_STANDARD = "gnu++0x";
				CLANG_CXX_LIBRARY = "libc++";
				CLANG_ENABLE_OBJC_ARC = YES;
				CLANG_WARN_CONSTANT_CONVERSION = YES;
				CLANG_WARN_EMPTY_BODY = YES;
				CLANG_WARN_ENUM_CONVERSION = YES;
				CLANG_WARN_INT_CONVERSION = YES;
				CLANG_WARN__DUPLICATE_METHOD_MATCH = YES;
				"CODE_SIGN_IDENTITY[sdk=iphoneos*]" = "iPhone Developer";
				COPY_PHASE_STRIP = YES;
				GCC_C_LANGUAGE_STANDARD = gnu99;
				GCC_WARN_ABOUT_RETURN_TYPE = YES;
				GCC_WARN_UNINITIALIZED_AUTOS = YES;
				GCC_WARN_UNUSED_VARIABLE = YES;
				IPHONEOS_DEPLOYMENT_TARGET = 6.1;
				OTHER_CFLAGS = "-DNS_BLOCK_ASSERTIONS=1";
				SDKROOT = iphoneos;
				VALIDATE_PRODUCT = YES;
			};
			name = Release;
		};
		B91D500C16D69DD8002B2762 /* Debug */ = {
			isa = XCBuildConfiguration;
			baseConfigurationReference = 11A1F31CC04042FF9D404AD4 /* Pods.xcconfig */;
			buildSettings = {
				GCC_PRECOMPILE_PREFIX_HEADER = YES;
				GCC_PREFIX_HEADER = "Comunities/Comunities-Prefix.pch";
				INFOPLIST_FILE = "$(SRCROOT)/Comunities/Comunities-Info.plist";
				IPHONEOS_DEPLOYMENT_TARGET = 6.1;
				PRODUCT_NAME = "$(TARGET_NAME)";
				TARGETED_DEVICE_FAMILY = 1;
				WRAPPER_EXTENSION = app;
			};
			name = Debug;
		};
		B91D500D16D69DD8002B2762 /* Release */ = {
			isa = XCBuildConfiguration;
			baseConfigurationReference = 11A1F31CC04042FF9D404AD4 /* Pods.xcconfig */;
			buildSettings = {
				GCC_PRECOMPILE_PREFIX_HEADER = YES;
				GCC_PREFIX_HEADER = "Comunities/Comunities-Prefix.pch";
				INFOPLIST_FILE = "$(SRCROOT)/Comunities/Comunities-Info.plist";
				IPHONEOS_DEPLOYMENT_TARGET = 6.1;
				PRODUCT_NAME = "$(TARGET_NAME)";
				TARGETED_DEVICE_FAMILY = 1;
				WRAPPER_EXTENSION = app;
			};
			name = Release;
		};
/* End XCBuildConfiguration section */

/* Begin XCConfigurationList section */
		B91D4FE316D69DD8002B2762 /* Build configuration list for PBXProject "Comunities" */ = {
			isa = XCConfigurationList;
			buildConfigurations = (
				B91D500916D69DD8002B2762 /* Debug */,
				B91D500A16D69DD8002B2762 /* Release */,
			);
			defaultConfigurationIsVisible = 0;
			defaultConfigurationName = Release;
		};
		B91D500B16D69DD8002B2762 /* Build configuration list for PBXNativeTarget "Comunities" */ = {
			isa = XCConfigurationList;
			buildConfigurations = (
				B91D500C16D69DD8002B2762 /* Debug */,
				B91D500D16D69DD8002B2762 /* Release */,
			);
			defaultConfigurationIsVisible = 0;
			defaultConfigurationName = Release;
		};
/* End XCConfigurationList section */
	};
	rootObject = B91D4FE016D69DD8002B2762 /* Project object */;
}
