// !$*UTF8*$!
{
	archiveVersion = 1;
	classes = {
	};
	objectVersion = 46;
	objects = {

/* Begin PBXBuildFile section */
		B18B2CD177CD42A58040A519 /* libPods.a in Frameworks */ = {isa = PBXBuildFile; fileRef = B3ED410A4C524439B3094529 /* libPods.a */; };
		B9CFD0591725A54600955093 /* UIKit.framework in Frameworks */ = {isa = PBXBuildFile; fileRef = B9CFD0581725A54600955093 /* UIKit.framework */; };
		B9CFD05B1725A54600955093 /* Foundation.framework in Frameworks */ = {isa = PBXBuildFile; fileRef = B9CFD05A1725A54600955093 /* Foundation.framework */; };
		B9CFD05D1725A54600955093 /* CoreGraphics.framework in Frameworks */ = {isa = PBXBuildFile; fileRef = B9CFD05C1725A54600955093 /* CoreGraphics.framework */; };
		B9CFD0631725A54600955093 /* InfoPlist.strings in Resources */ = {isa = PBXBuildFile; fileRef = B9CFD0611725A54600955093 /* InfoPlist.strings */; };
		B9CFD0651725A54600955093 /* main.m in Sources */ = {isa = PBXBuildFile; fileRef = B9CFD0641725A54600955093 /* main.m */; };
		B9CFD0691725A54600955093 /* JMAppDelegate.m in Sources */ = {isa = PBXBuildFile; fileRef = B9CFD0681725A54600955093 /* JMAppDelegate.m */; };
		B9CFD06B1725A54600955093 /* Default.png in Resources */ = {isa = PBXBuildFile; fileRef = B9CFD06A1725A54600955093 /* Default.png */; };
		B9CFD06D1725A54600955093 /* Default@2x.png in Resources */ = {isa = PBXBuildFile; fileRef = B9CFD06C1725A54600955093 /* Default@2x.png */; };
		B9CFD06F1725A54600955093 /* Default-568h@2x.png in Resources */ = {isa = PBXBuildFile; fileRef = B9CFD06E1725A54600955093 /* Default-568h@2x.png */; };
		B9CFD0721725A54600955093 /* JMViewController.m in Sources */ = {isa = PBXBuildFile; fileRef = B9CFD0711725A54600955093 /* JMViewController.m */; };
		B9CFD0751725A54600955093 /* JMViewController.xib in Resources */ = {isa = PBXBuildFile; fileRef = B9CFD0731725A54600955093 /* JMViewController.xib */; };
		B9CFD0921725A57800955093 /* Reachability.m in Sources */ = {isa = PBXBuildFile; fileRef = B9CFD0911725A57800955093 /* Reachability.m */; settings = {COMPILER_FLAGS = "-fno-objc-arc"; }; };
		B9CFD0951725A60B00955093 /* CFNetwork.framework in Frameworks */ = {isa = PBXBuildFile; fileRef = B9CFD0941725A60B00955093 /* CFNetwork.framework */; };
		B9CFD0971725A61300955093 /* SystemConfiguration.framework in Frameworks */ = {isa = PBXBuildFile; fileRef = B9CFD0961725A61300955093 /* SystemConfiguration.framework */; };
		B9CFD0991725A61A00955093 /* MobileCoreServices.framework in Frameworks */ = {isa = PBXBuildFile; fileRef = B9CFD0981725A61A00955093 /* MobileCoreServices.framework */; };
		B9CFD09B1725A63900955093 /* libz.dylib in Frameworks */ = {isa = PBXBuildFile; fileRef = B9CFD09A1725A63900955093 /* libz.dylib */; };
		B9CFD09C1725A67800955093 /* ASIAuthenticationDialog.m in Sources */ = {isa = PBXBuildFile; fileRef = B9CFD07C1725A56E00955093 /* ASIAuthenticationDialog.m */; settings = {COMPILER_FLAGS = "-fno-objc-arc"; }; };
		B9CFD09D1725A67800955093 /* ASIDataCompressor.m in Sources */ = {isa = PBXBuildFile; fileRef = B9CFD07F1725A56E00955093 /* ASIDataCompressor.m */; settings = {COMPILER_FLAGS = "-fno-objc-arc"; }; };
		B9CFD09E1725A67800955093 /* ASIDataDecompressor.m in Sources */ = {isa = PBXBuildFile; fileRef = B9CFD0811725A56E00955093 /* ASIDataDecompressor.m */; settings = {COMPILER_FLAGS = "-fno-objc-arc"; }; };
		B9CFD09F1725A67800955093 /* ASIDownloadCache.m in Sources */ = {isa = PBXBuildFile; fileRef = B9CFD0831725A56E00955093 /* ASIDownloadCache.m */; settings = {COMPILER_FLAGS = "-fno-objc-arc"; }; };
		B9CFD0A01725A67800955093 /* ASIFormDataRequest.m in Sources */ = {isa = PBXBuildFile; fileRef = B9CFD0851725A56E00955093 /* ASIFormDataRequest.m */; settings = {COMPILER_FLAGS = "-fno-objc-arc"; }; };
		B9CFD0A11725A67800955093 /* ASIHTTPRequest.m in Sources */ = {isa = PBXBuildFile; fileRef = B9CFD0871725A56E00955093 /* ASIHTTPRequest.m */; settings = {COMPILER_FLAGS = "-fno-objc-arc"; }; };
		B9CFD0A21725A67800955093 /* ASIInputStream.m in Sources */ = {isa = PBXBuildFile; fileRef = B9CFD08B1725A56E00955093 /* ASIInputStream.m */; settings = {COMPILER_FLAGS = "-fno-objc-arc"; }; };
		B9CFD0A31725A67800955093 /* ASINetworkQueue.m in Sources */ = {isa = PBXBuildFile; fileRef = B9CFD08D1725A56E00955093 /* ASINetworkQueue.m */; settings = {COMPILER_FLAGS = "-fno-objc-arc"; }; };
		B9CFD0A91726A2BF00955093 /* AFHTTPRequestOperation+ASIHTTPRequest.m in Sources */ = {isa = PBXBuildFile; fileRef = B9CFD0A81726A2BF00955093 /* AFHTTPRequestOperation+ASIHTTPRequest.m */; };
/* End PBXBuildFile section */

/* Begin PBXFileReference section */
		B3ED410A4C524439B3094529 /* libPods.a */ = {isa = PBXFileReference; explicitFileType = archive.ar; includeInIndex = 0; path = libPods.a; sourceTree = BUILT_PRODUCTS_DIR; };
		B9CFD0551725A54600955093 /* ASIHTTPtoAFN.app */ = {isa = PBXFileReference; explicitFileType = wrapper.application; includeInIndex = 0; path = ASIHTTPtoAFN.app; sourceTree = BUILT_PRODUCTS_DIR; };
		B9CFD0581725A54600955093 /* UIKit.framework */ = {isa = PBXFileReference; lastKnownFileType = wrapper.framework; name = UIKit.framework; path = System/Library/Frameworks/UIKit.framework; sourceTree = SDKROOT; };
		B9CFD05A1725A54600955093 /* Foundation.framework */ = {isa = PBXFileReference; lastKnownFileType = wrapper.framework; name = Foundation.framework; path = System/Library/Frameworks/Foundation.framework; sourceTree = SDKROOT; };
		B9CFD05C1725A54600955093 /* CoreGraphics.framework */ = {isa = PBXFileReference; lastKnownFileType = wrapper.framework; name = CoreGraphics.framework; path = System/Library/Frameworks/CoreGraphics.framework; sourceTree = SDKROOT; };
		B9CFD0601725A54600955093 /* ASIHTTPtoAFN-Info.plist */ = {isa = PBXFileReference; lastKnownFileType = text.plist.xml; path = "ASIHTTPtoAFN-Info.plist"; sourceTree = "<group>"; };
		B9CFD0621725A54600955093 /* en */ = {isa = PBXFileReference; lastKnownFileType = text.plist.strings; name = en; path = en.lproj/InfoPlist.strings; sourceTree = "<group>"; };
		B9CFD0641725A54600955093 /* main.m */ = {isa = PBXFileReference; lastKnownFileType = sourcecode.c.objc; path = main.m; sourceTree = "<group>"; };
		B9CFD0661725A54600955093 /* ASIHTTPtoAFN-Prefix.pch */ = {isa = PBXFileReference; lastKnownFileType = sourcecode.c.h; path = "ASIHTTPtoAFN-Prefix.pch"; sourceTree = "<group>"; };
		B9CFD0671725A54600955093 /* JMAppDelegate.h */ = {isa = PBXFileReference; lastKnownFileType = sourcecode.c.h; path = JMAppDelegate.h; sourceTree = "<group>"; };
		B9CFD0681725A54600955093 /* JMAppDelegate.m */ = {isa = PBXFileReference; lastKnownFileType = sourcecode.c.objc; path = JMAppDelegate.m; sourceTree = "<group>"; };
		B9CFD06A1725A54600955093 /* Default.png */ = {isa = PBXFileReference; lastKnownFileType = image.png; path = Default.png; sourceTree = "<group>"; };
		B9CFD06C1725A54600955093 /* Default@2x.png */ = {isa = PBXFileReference; lastKnownFileType = image.png; path = "Default@2x.png"; sourceTree = "<group>"; };
		B9CFD06E1725A54600955093 /* Default-568h@2x.png */ = {isa = PBXFileReference; lastKnownFileType = image.png; path = "Default-568h@2x.png"; sourceTree = "<group>"; };
		B9CFD0701725A54600955093 /* JMViewController.h */ = {isa = PBXFileReference; lastKnownFileType = sourcecode.c.h; path = JMViewController.h; sourceTree = "<group>"; };
		B9CFD0711725A54600955093 /* JMViewController.m */ = {isa = PBXFileReference; lastKnownFileType = sourcecode.c.objc; path = JMViewController.m; sourceTree = "<group>"; };
		B9CFD0741725A54600955093 /* en */ = {isa = PBXFileReference; lastKnownFileType = file.xib; name = en; path = en.lproj/JMViewController.xib; sourceTree = "<group>"; };
		B9CFD07B1725A56E00955093 /* ASIAuthenticationDialog.h */ = {isa = PBXFileReference; lastKnownFileType = sourcecode.c.h; path = ASIAuthenticationDialog.h; sourceTree = "<group>"; };
		B9CFD07C1725A56E00955093 /* ASIAuthenticationDialog.m */ = {isa = PBXFileReference; lastKnownFileType = sourcecode.c.objc; path = ASIAuthenticationDialog.m; sourceTree = "<group>"; };
		B9CFD07D1725A56E00955093 /* ASICacheDelegate.h */ = {isa = PBXFileReference; lastKnownFileType = sourcecode.c.h; path = ASICacheDelegate.h; sourceTree = "<group>"; };
		B9CFD07E1725A56E00955093 /* ASIDataCompressor.h */ = {isa = PBXFileReference; lastKnownFileType = sourcecode.c.h; path = ASIDataCompressor.h; sourceTree = "<group>"; };
		B9CFD07F1725A56E00955093 /* ASIDataCompressor.m */ = {isa = PBXFileReference; lastKnownFileType = sourcecode.c.objc; path = ASIDataCompressor.m; sourceTree = "<group>"; };
		B9CFD0801725A56E00955093 /* ASIDataDecompressor.h */ = {isa = PBXFileReference; lastKnownFileType = sourcecode.c.h; path = ASIDataDecompressor.h; sourceTree = "<group>"; };
		B9CFD0811725A56E00955093 /* ASIDataDecompressor.m */ = {isa = PBXFileReference; lastKnownFileType = sourcecode.c.objc; path = ASIDataDecompressor.m; sourceTree = "<group>"; };
		B9CFD0821725A56E00955093 /* ASIDownloadCache.h */ = {isa = PBXFileReference; lastKnownFileType = sourcecode.c.h; path = ASIDownloadCache.h; sourceTree = "<group>"; };
		B9CFD0831725A56E00955093 /* ASIDownloadCache.m */ = {isa = PBXFileReference; lastKnownFileType = sourcecode.c.objc; path = ASIDownloadCache.m; sourceTree = "<group>"; };
		B9CFD0841725A56E00955093 /* ASIFormDataRequest.h */ = {isa = PBXFileReference; lastKnownFileType = sourcecode.c.h; path = ASIFormDataRequest.h; sourceTree = "<group>"; };
		B9CFD0851725A56E00955093 /* ASIFormDataRequest.m */ = {isa = PBXFileReference; lastKnownFileType = sourcecode.c.objc; path = ASIFormDataRequest.m; sourceTree = "<group>"; };
		B9CFD0861725A56E00955093 /* ASIHTTPRequest.h */ = {isa = PBXFileReference; lastKnownFileType = sourcecode.c.h; path = ASIHTTPRequest.h; sourceTree = "<group>"; };
		B9CFD0871725A56E00955093 /* ASIHTTPRequest.m */ = {isa = PBXFileReference; lastKnownFileType = sourcecode.c.objc; path = ASIHTTPRequest.m; sourceTree = "<group>"; };
		B9CFD0881725A56E00955093 /* ASIHTTPRequestConfig.h */ = {isa = PBXFileReference; lastKnownFileType = sourcecode.c.h; path = ASIHTTPRequestConfig.h; sourceTree = "<group>"; };
		B9CFD0891725A56E00955093 /* ASIHTTPRequestDelegate.h */ = {isa = PBXFileReference; lastKnownFileType = sourcecode.c.h; path = ASIHTTPRequestDelegate.h; sourceTree = "<group>"; };
		B9CFD08A1725A56E00955093 /* ASIInputStream.h */ = {isa = PBXFileReference; lastKnownFileType = sourcecode.c.h; path = ASIInputStream.h; sourceTree = "<group>"; };
		B9CFD08B1725A56E00955093 /* ASIInputStream.m */ = {isa = PBXFileReference; lastKnownFileType = sourcecode.c.objc; path = ASIInputStream.m; sourceTree = "<group>"; };
		B9CFD08C1725A56E00955093 /* ASINetworkQueue.h */ = {isa = PBXFileReference; lastKnownFileType = sourcecode.c.h; path = ASINetworkQueue.h; sourceTree = "<group>"; };
		B9CFD08D1725A56E00955093 /* ASINetworkQueue.m */ = {isa = PBXFileReference; lastKnownFileType = sourcecode.c.objc; path = ASINetworkQueue.m; sourceTree = "<group>"; };
		B9CFD08E1725A56E00955093 /* ASIProgressDelegate.h */ = {isa = PBXFileReference; lastKnownFileType = sourcecode.c.h; path = ASIProgressDelegate.h; sourceTree = "<group>"; };
		B9CFD0901725A57800955093 /* Reachability.h */ = {isa = PBXFileReference; fileEncoding = 4; lastKnownFileType = sourcecode.c.h; path = Reachability.h; sourceTree = "<group>"; };
		B9CFD0911725A57800955093 /* Reachability.m */ = {isa = PBXFileReference; fileEncoding = 4; lastKnownFileType = sourcecode.c.objc; path = Reachability.m; sourceTree = "<group>"; };
		B9CFD0941725A60B00955093 /* CFNetwork.framework */ = {isa = PBXFileReference; lastKnownFileType = wrapper.framework; name = CFNetwork.framework; path = System/Library/Frameworks/CFNetwork.framework; sourceTree = SDKROOT; };
		B9CFD0961725A61300955093 /* SystemConfiguration.framework */ = {isa = PBXFileReference; lastKnownFileType = wrapper.framework; name = SystemConfiguration.framework; path = System/Library/Frameworks/SystemConfiguration.framework; sourceTree = SDKROOT; };
		B9CFD0981725A61A00955093 /* MobileCoreServices.framework */ = {isa = PBXFileReference; lastKnownFileType = wrapper.framework; name = MobileCoreServices.framework; path = System/Library/Frameworks/MobileCoreServices.framework; sourceTree = SDKROOT; };
		B9CFD09A1725A63900955093 /* libz.dylib */ = {isa = PBXFileReference; lastKnownFileType = "compiled.mach-o.dylib"; name = libz.dylib; path = usr/lib/libz.dylib; sourceTree = SDKROOT; };
		B9CFD0A71726A2BF00955093 /* AFHTTPRequestOperation+ASIHTTPRequest.h */ = {isa = PBXFileReference; fileEncoding = 4; lastKnownFileType = sourcecode.c.h; path = "AFHTTPRequestOperation+ASIHTTPRequest.h"; sourceTree = "<group>"; };
		B9CFD0A81726A2BF00955093 /* AFHTTPRequestOperation+ASIHTTPRequest.m */ = {isa = PBXFileReference; fileEncoding = 4; lastKnownFileType = sourcecode.c.objc; path = "AFHTTPRequestOperation+ASIHTTPRequest.m"; sourceTree = "<group>"; };
		CA8572AE1C8946E9BAD2A90A /* Pods.xcconfig */ = {isa = PBXFileReference; includeInIndex = 1; lastKnownFileType = text.xcconfig; name = Pods.xcconfig; path = Pods/Pods.xcconfig; sourceTree = SOURCE_ROOT; };
/* End PBXFileReference section */

/* Begin PBXFrameworksBuildPhase section */
		B9CFD0521725A54600955093 /* Frameworks */ = {
			isa = PBXFrameworksBuildPhase;
			buildActionMask = 2147483647;
			files = (
				B9CFD09B1725A63900955093 /* libz.dylib in Frameworks */,
				B9CFD05D1725A54600955093 /* CoreGraphics.framework in Frameworks */,
				B9CFD0991725A61A00955093 /* MobileCoreServices.framework in Frameworks */,
				B9CFD0971725A61300955093 /* SystemConfiguration.framework in Frameworks */,
				B9CFD0951725A60B00955093 /* CFNetwork.framework in Frameworks */,
				B9CFD0591725A54600955093 /* UIKit.framework in Frameworks */,
				B9CFD05B1725A54600955093 /* Foundation.framework in Frameworks */,
				B18B2CD177CD42A58040A519 /* libPods.a in Frameworks */,
			);
			runOnlyForDeploymentPostprocessing = 0;
		};
/* End PBXFrameworksBuildPhase section */

/* Begin PBXGroup section */
		B9CFD04C1725A54600955093 = {
			isa = PBXGroup;
			children = (
				B9CFD0A71726A2BF00955093 /* AFHTTPRequestOperation+ASIHTTPRequest.h */,
				B9CFD0A81726A2BF00955093 /* AFHTTPRequestOperation+ASIHTTPRequest.m */,
				B9CFD0931725A58000955093 /* ASIHTTPRequest */,
				B9CFD05E1725A54600955093 /* ASIHTTPtoAFN */,
				B9CFD0571725A54600955093 /* Frameworks */,
				B9CFD0561725A54600955093 /* Products */,
				CA8572AE1C8946E9BAD2A90A /* Pods.xcconfig */,
			);
			sourceTree = "<group>";
		};
		B9CFD0561725A54600955093 /* Products */ = {
			isa = PBXGroup;
			children = (
				B9CFD0551725A54600955093 /* ASIHTTPtoAFN.app */,
			);
			name = Products;
			sourceTree = "<group>";
		};
		B9CFD0571725A54600955093 /* Frameworks */ = {
			isa = PBXGroup;
			children = (
				B9CFD09A1725A63900955093 /* libz.dylib */,
				B9CFD0981725A61A00955093 /* MobileCoreServices.framework */,
				B9CFD0961725A61300955093 /* SystemConfiguration.framework */,
				B9CFD0941725A60B00955093 /* CFNetwork.framework */,
				B9CFD0581725A54600955093 /* UIKit.framework */,
				B9CFD05A1725A54600955093 /* Foundation.framework */,
				B9CFD05C1725A54600955093 /* CoreGraphics.framework */,
				B3ED410A4C524439B3094529 /* libPods.a */,
			);
			name = Frameworks;
			sourceTree = "<group>";
		};
		B9CFD05E1725A54600955093 /* ASIHTTPtoAFN */ = {
			isa = PBXGroup;
			children = (
				B9CFD0671725A54600955093 /* JMAppDelegate.h */,
				B9CFD0681725A54600955093 /* JMAppDelegate.m */,
				B9CFD0701725A54600955093 /* JMViewController.h */,
				B9CFD0711725A54600955093 /* JMViewController.m */,
				B9CFD0731725A54600955093 /* JMViewController.xib */,
				B9CFD05F1725A54600955093 /* Supporting Files */,
			);
			path = ASIHTTPtoAFN;
			sourceTree = "<group>";
		};
		B9CFD05F1725A54600955093 /* Supporting Files */ = {
			isa = PBXGroup;
			children = (
				B9CFD0601725A54600955093 /* ASIHTTPtoAFN-Info.plist */,
				B9CFD0611725A54600955093 /* InfoPlist.strings */,
				B9CFD0641725A54600955093 /* main.m */,
				B9CFD0661725A54600955093 /* ASIHTTPtoAFN-Prefix.pch */,
				B9CFD06A1725A54600955093 /* Default.png */,
				B9CFD06C1725A54600955093 /* Default@2x.png */,
				B9CFD06E1725A54600955093 /* Default-568h@2x.png */,
			);
			name = "Supporting Files";
			sourceTree = "<group>";
		};
		B9CFD08F1725A57800955093 /* Reachability */ = {
			isa = PBXGroup;
			children = (
				B9CFD0901725A57800955093 /* Reachability.h */,
				B9CFD0911725A57800955093 /* Reachability.m */,
			);
			path = Reachability;
			sourceTree = "<group>";
		};
		B9CFD0931725A58000955093 /* ASIHTTPRequest */ = {
			isa = PBXGroup;
			children = (
				B9CFD08F1725A57800955093 /* Reachability */,
				B9CFD07B1725A56E00955093 /* ASIAuthenticationDialog.h */,
				B9CFD07C1725A56E00955093 /* ASIAuthenticationDialog.m */,
				B9CFD07D1725A56E00955093 /* ASICacheDelegate.h */,
				B9CFD07E1725A56E00955093 /* ASIDataCompressor.h */,
				B9CFD07F1725A56E00955093 /* ASIDataCompressor.m */,
				B9CFD0801725A56E00955093 /* ASIDataDecompressor.h */,
				B9CFD0811725A56E00955093 /* ASIDataDecompressor.m */,
				B9CFD0821725A56E00955093 /* ASIDownloadCache.h */,
				B9CFD0831725A56E00955093 /* ASIDownloadCache.m */,
				B9CFD0841725A56E00955093 /* ASIFormDataRequest.h */,
				B9CFD0851725A56E00955093 /* ASIFormDataRequest.m */,
				B9CFD0861725A56E00955093 /* ASIHTTPRequest.h */,
				B9CFD0871725A56E00955093 /* ASIHTTPRequest.m */,
				B9CFD0881725A56E00955093 /* ASIHTTPRequestConfig.h */,
				B9CFD0891725A56E00955093 /* ASIHTTPRequestDelegate.h */,
				B9CFD08A1725A56E00955093 /* ASIInputStream.h */,
				B9CFD08B1725A56E00955093 /* ASIInputStream.m */,
				B9CFD08C1725A56E00955093 /* ASINetworkQueue.h */,
				B9CFD08D1725A56E00955093 /* ASINetworkQueue.m */,
				B9CFD08E1725A56E00955093 /* ASIProgressDelegate.h */,
			);
			name = ASIHTTPRequest;
			sourceTree = "<group>";
		};
/* End PBXGroup section */

/* Begin PBXNativeTarget section */
		B9CFD0541725A54600955093 /* ASIHTTPtoAFN */ = {
			isa = PBXNativeTarget;
			buildConfigurationList = B9CFD0781725A54600955093 /* Build configuration list for PBXNativeTarget "ASIHTTPtoAFN" */;
			buildPhases = (
				36E4D3E599BF439ABC7C1274 /* Check Pods Manifest.lock */,
				B9CFD0511725A54600955093 /* Sources */,
				B9CFD0521725A54600955093 /* Frameworks */,
				B9CFD0531725A54600955093 /* Resources */,
				D4D4984B0B54447B93330253 /* Copy Pods Resources */,
			);
			buildRules = (
			);
			dependencies = (
			);
			name = ASIHTTPtoAFN;
			productName = ASIHTTPtoAFN;
			productReference = B9CFD0551725A54600955093 /* ASIHTTPtoAFN.app */;
			productType = "com.apple.product-type.application";
		};
/* End PBXNativeTarget section */

/* Begin PBXProject section */
		B9CFD04D1725A54600955093 /* Project object */ = {
			isa = PBXProject;
			attributes = {
				CLASSPREFIX = JM;
				LastUpgradeCheck = 0460;
				ORGANIZATIONNAME = Tactilapp.com;
			};
			buildConfigurationList = B9CFD0501725A54600955093 /* Build configuration list for PBXProject "ASIHTTPtoAFN" */;
			compatibilityVersion = "Xcode 3.2";
			developmentRegion = English;
			hasScannedForEncodings = 0;
			knownRegions = (
				en,
			);
			mainGroup = B9CFD04C1725A54600955093;
			productRefGroup = B9CFD0561725A54600955093 /* Products */;
			projectDirPath = "";
			projectRoot = "";
			targets = (
				B9CFD0541725A54600955093 /* ASIHTTPtoAFN */,
			);
		};
/* End PBXProject section */

/* Begin PBXResourcesBuildPhase section */
		B9CFD0531725A54600955093 /* Resources */ = {
			isa = PBXResourcesBuildPhase;
			buildActionMask = 2147483647;
			files = (
				B9CFD0631725A54600955093 /* InfoPlist.strings in Resources */,
				B9CFD06B1725A54600955093 /* Default.png in Resources */,
				B9CFD06D1725A54600955093 /* Default@2x.png in Resources */,
				B9CFD06F1725A54600955093 /* Default-568h@2x.png in Resources */,
				B9CFD0751725A54600955093 /* JMViewController.xib in Resources */,
			);
			runOnlyForDeploymentPostprocessing = 0;
		};
/* End PBXResourcesBuildPhase section */

/* Begin PBXShellScriptBuildPhase section */
		36E4D3E599BF439ABC7C1274 /* Check Pods Manifest.lock */ = {
			isa = PBXShellScriptBuildPhase;
			buildActionMask = 2147483647;
			files = (
			);
			inputPaths = (
			);
			name = "Check Pods Manifest.lock";
			outputPaths = (
			);
			runOnlyForDeploymentPostprocessing = 0;
			shellPath = /bin/sh;
			shellScript = "diff \"${PODS_ROOT}/../Podfile.lock\" \"${PODS_ROOT}/Manifest.lock\" > /dev/null\nif [[ $? != 0 ]] ; then\n    cat << EOM\nerror: The sanbox is not in sync with the Podfile.lock. Run 'pod install'.\nEOM\n    exit 1\nfi\n";
		};
		D4D4984B0B54447B93330253 /* Copy Pods Resources */ = {
			isa = PBXShellScriptBuildPhase;
			buildActionMask = 2147483647;
			files = (
			);
			inputPaths = (
			);
			name = "Copy Pods Resources";
			outputPaths = (
			);
			runOnlyForDeploymentPostprocessing = 0;
			shellPath = /bin/sh;
			shellScript = "\"${SRCROOT}/Pods/Pods-resources.sh\"\n";
		};
/* End PBXShellScriptBuildPhase section */

/* Begin PBXSourcesBuildPhase section */
		B9CFD0511725A54600955093 /* Sources */ = {
			isa = PBXSourcesBuildPhase;
			buildActionMask = 2147483647;
			files = (
				B9CFD0651725A54600955093 /* main.m in Sources */,
				B9CFD0691725A54600955093 /* JMAppDelegate.m in Sources */,
				B9CFD0721725A54600955093 /* JMViewController.m in Sources */,
				B9CFD0921725A57800955093 /* Reachability.m in Sources */,
				B9CFD09C1725A67800955093 /* ASIAuthenticationDialog.m in Sources */,
				B9CFD09D1725A67800955093 /* ASIDataCompressor.m in Sources */,
				B9CFD09E1725A67800955093 /* ASIDataDecompressor.m in Sources */,
				B9CFD09F1725A67800955093 /* ASIDownloadCache.m in Sources */,
				B9CFD0A01725A67800955093 /* ASIFormDataRequest.m in Sources */,
				B9CFD0A11725A67800955093 /* ASIHTTPRequest.m in Sources */,
				B9CFD0A21725A67800955093 /* ASIInputStream.m in Sources */,
				B9CFD0A31725A67800955093 /* ASINetworkQueue.m in Sources */,
				B9CFD0A91726A2BF00955093 /* AFHTTPRequestOperation+ASIHTTPRequest.m in Sources */,
			);
			runOnlyForDeploymentPostprocessing = 0;
		};
/* End PBXSourcesBuildPhase section */

/* Begin PBXVariantGroup section */
		B9CFD0611725A54600955093 /* InfoPlist.strings */ = {
			isa = PBXVariantGroup;
			children = (
				B9CFD0621725A54600955093 /* en */,
			);
			name = InfoPlist.strings;
			sourceTree = "<group>";
		};
		B9CFD0731725A54600955093 /* JMViewController.xib */ = {
			isa = PBXVariantGroup;
			children = (
				B9CFD0741725A54600955093 /* en */,
			);
			name = JMViewController.xib;
			sourceTree = "<group>";
		};
/* End PBXVariantGroup section */

/* Begin XCBuildConfiguration section */
		B9CFD0761725A54600955093 /* Debug */ = {
			isa = XCBuildConfiguration;
			buildSettings = {
				ALWAYS_SEARCH_USER_PATHS = NO;
				CLANG_CXX_LANGUAGE_STANDARD = "gnu++0x";
				CLANG_CXX_LIBRARY = "libc++";
				CLANG_ENABLE_OBJC_ARC = YES;
				CLANG_WARN_CONSTANT_CONVERSION = YES;
				CLANG_WARN_EMPTY_BODY = YES;
				CLANG_WARN_ENUM_CONVERSION = YES;
				CLANG_WARN_INT_CONVERSION = YES;
				CLANG_WARN__DUPLICATE_METHOD_MATCH = YES;
				"CODE_SIGN_IDENTITY[sdk=iphoneos*]" = "iPhone Developer";
				COPY_PHASE_STRIP = NO;
				GCC_C_LANGUAGE_STANDARD = gnu99;
				GCC_DYNAMIC_NO_PIC = NO;
				GCC_OPTIMIZATION_LEVEL = 0;
				GCC_PREPROCESSOR_DEFINITIONS = (
					"DEBUG=1",
					"$(inherited)",
				);
				GCC_SYMBOLS_PRIVATE_EXTERN = NO;
				GCC_WARN_ABOUT_RETURN_TYPE = YES;
				GCC_WARN_UNINITIALIZED_AUTOS = YES;
				GCC_WARN_UNUSED_VARIABLE = YES;
				IPHONEOS_DEPLOYMENT_TARGET = 6.1;
				ONLY_ACTIVE_ARCH = YES;
				SDKROOT = iphoneos;
			};
			name = Debug;
		};
		B9CFD0771725A54600955093 /* Release */ = {
			isa = XCBuildConfiguration;
			buildSettings = {
				ALWAYS_SEARCH_USER_PATHS = NO;
				CLANG_CXX_LANGUAGE_STANDARD = "gnu++0x";
				CLANG_CXX_LIBRARY = "libc++";
				CLANG_ENABLE_OBJC_ARC = YES;
				CLANG_WARN_CONSTANT_CONVERSION = YES;
				CLANG_WARN_EMPTY_BODY = YES;
				CLANG_WARN_ENUM_CONVERSION = YES;
				CLANG_WARN_INT_CONVERSION = YES;
				CLANG_WARN__DUPLICATE_METHOD_MATCH = YES;
				"CODE_SIGN_IDENTITY[sdk=iphoneos*]" = "iPhone Developer";
				COPY_PHASE_STRIP = YES;
				GCC_C_LANGUAGE_STANDARD = gnu99;
				GCC_WARN_ABOUT_RETURN_TYPE = YES;
				GCC_WARN_UNINITIALIZED_AUTOS = YES;
				GCC_WARN_UNUSED_VARIABLE = YES;
				IPHONEOS_DEPLOYMENT_TARGET = 6.1;
				OTHER_CFLAGS = "-DNS_BLOCK_ASSERTIONS=1";
				SDKROOT = iphoneos;
				VALIDATE_PRODUCT = YES;
			};
			name = Release;
		};
		B9CFD0791725A54600955093 /* Debug */ = {
			isa = XCBuildConfiguration;
			baseConfigurationReference = CA8572AE1C8946E9BAD2A90A /* Pods.xcconfig */;
			buildSettings = {
				GCC_PRECOMPILE_PREFIX_HEADER = YES;
				GCC_PREFIX_HEADER = "ASIHTTPtoAFN/ASIHTTPtoAFN-Prefix.pch";
				INFOPLIST_FILE = "ASIHTTPtoAFN/ASIHTTPtoAFN-Info.plist";
				PRODUCT_NAME = "$(TARGET_NAME)";
				WRAPPER_EXTENSION = app;
			};
			name = Debug;
		};
		B9CFD07A1725A54600955093 /* Release */ = {
			isa = XCBuildConfiguration;
			baseConfigurationReference = CA8572AE1C8946E9BAD2A90A /* Pods.xcconfig */;
			buildSettings = {
				GCC_PRECOMPILE_PREFIX_HEADER = YES;
				GCC_PREFIX_HEADER = "ASIHTTPtoAFN/ASIHTTPtoAFN-Prefix.pch";
				INFOPLIST_FILE = "ASIHTTPtoAFN/ASIHTTPtoAFN-Info.plist";
				PRODUCT_NAME = "$(TARGET_NAME)";
				WRAPPER_EXTENSION = app;
			};
			name = Release;
		};
/* End XCBuildConfiguration section */

/* Begin XCConfigurationList section */
		B9CFD0501725A54600955093 /* Build configuration list for PBXProject "ASIHTTPtoAFN" */ = {
			isa = XCConfigurationList;
			buildConfigurations = (
				B9CFD0761725A54600955093 /* Debug */,
				B9CFD0771725A54600955093 /* Release */,
			);
			defaultConfigurationIsVisible = 0;
			defaultConfigurationName = Release;
		};
		B9CFD0781725A54600955093 /* Build configuration list for PBXNativeTarget "ASIHTTPtoAFN" */ = {
			isa = XCConfigurationList;
			buildConfigurations = (
				B9CFD0791725A54600955093 /* Debug */,
				B9CFD07A1725A54600955093 /* Release */,
			);
			defaultConfigurationIsVisible = 0;
			defaultConfigurationName = Release;
		};
/* End XCConfigurationList section */
	};
	rootObject = B9CFD04D1725A54600955093 /* Project object */;
}
